
Microsoft Visual Studio Solution File, Format Version 12.00
# Visual Studio Version 16
VisualStudioVersion = 16.0.29613.14
MinimumVisualStudioVersion = 10.0.40219.1
Project("{FAE04EC0-301F-11D3-BF4B-00C04F79EFBC}") = "SEPFramework", "SEPFramework\SEPFramework.csproj", "{E8BC27FA-5445-4AEB-9DC9-605F2AFA48DE}"
EndProject
Project("{FAE04EC0-301F-11D3-BF4B-00C04F79EFBC}") = "SEPFrameworkDll", "SEPFrameworkDll\SEPFrameworkDll.csproj", "{23FDBB18-D838-462C-AD16-93C6A0C99992}"
EndProject
Global
	GlobalSection(SolutionConfigurationPlatforms) = preSolution
		Debug|Any CPU = Debug|Any CPU
		Release|Any CPU = Release|Any CPU
	EndGlobalSection
	GlobalSection(ProjectConfigurationPlatforms) = postSolution
		{E8BC27FA-5445-4AEB-9DC9-605F2AFA48DE}.Debug|Any CPU.ActiveCfg = Debug|Any CPU
		{E8BC27FA-5445-4AEB-9DC9-605F2AFA48DE}.Debug|Any CPU.Build.0 = Debug|Any CPU
		{E8BC27FA-5445-4AEB-9DC9-605F2AFA48DE}.Release|Any CPU.ActiveCfg = Release|Any CPU
		{E8BC27FA-5445-4AEB-9DC9-605F2AFA48DE}.Release|Any CPU.Build.0 = Release|Any CPU
		{23FDBB18-D838-462C-AD16-93C6A0C99992}.Debug|Any CPU.ActiveCfg = Debug|Any CPU
		{23FDBB18-D838-462C-AD16-93C6A0C99992}.Debug|Any CPU.Build.0 = Debug|Any CPU
		{23FDBB18-D838-462C-AD16-93C6A0C99992}.Release|Any CPU.ActiveCfg = Release|Any CPU
		{23FDBB18-D838-462C-AD16-93C6A0C99992}.Release|Any CPU.Build.0 = Release|Any CPU
	EndGlobalSection
	GlobalSection(SolutionProperties) = preSolution
		HideSolutionNode = FALSE
	EndGlobalSection
	GlobalSection(ExtensibilityGlobals) = postSolution
		SolutionGuid = {0D98F7E7-F01E-4321-80D0-6B835BE48976}
	EndGlobalSection
EndGlobal
